{
  "name": "EnterpriseEventSolutions",
  "lockfileVersion": 3,
  "requires": true,
  "packages": {
    "": {
      "dependencies": {
        "vue-jwt": "^0.0.8"
      }
    },
    "node_modules/@fdaciuk/ajax": {
      "version": "0.0.12",
      "resolved": "https://registry.npmjs.org/@fdaciuk/ajax/-/ajax-0.0.12.tgz",
      "integrity": "sha512-F+1rII+DXShRC6IcP5ZSD69QeuRWGqcXugUnQVib4G/rTua4xetBPwt1YzL0j90HYfu2noCSRKlSSp8VqgC0CA=="
    },
    "node_modules/Base64": {
      "version": "0.1.4",
      "resolved": "https://registry.npmjs.org/Base64/-/Base64-0.1.4.tgz",
      "integrity": "sha512-rHuyFTuK3/IH8tMcDB0BVrfpVM8+YQ7XSsICoYUu+JUUjnbbSyPfHok/NWLFgUbKt8sPeOIEFX6YJJTO2vgt7w=="
    },
    "node_modules/jwt-decode": {
      "version": "1.5.1",
      "resolved": "https://registry.npmjs.org/jwt-decode/-/jwt-decode-1.5.1.tgz",
      "integrity": "sha512-WHKnMAYn9YHIFGuI9JC9ULk8urgXd1XhdMJpuOjh1sfXCcMprfKw2dq5zOyW5uygrhairqMwyJtgaGb49NelIA==",
      "dependencies": {
        "Base64": "~0.1.3"
      }
    },
    "node_modules/vue-jwt": {
      "version": "0.0.8",
      "resolved": "https://registry.npmjs.org/vue-jwt/-/vue-jwt-0.0.8.tgz",
      "integrity": "sha512-wW7lZNuVsqNXRJB1OngMkdr2zLAMOHUiLrf4R5awEeE1bsDPbed0k48a33M1mlTwKkHXM7oqC+Yw558QEG/IHQ==",
      "dependencies": {
        "@fdaciuk/ajax": "0.0.12",
        "jwt-decode": "^1.4.0"
      }
    }
  }
}
